
Microsoft Visual Studio Solution File, Format Version 12.00
# Visual Studio Version 17
VisualStudioVersion = 17.5.33516.290
MinimumVisualStudioVersion = 10.0.40219.1
Project("{8BC9CEB8-8B4A-11D0-8D11-00A0C91BC942}") = "Arrays and Hashing", "Arrays and Hashing\Arrays and Hashing.vcxproj", "{0E9EEF1D-1D58-472A-8F31-8A538C6C5809}"
EndProject
Project("{8BC9CEB8-8B4A-11D0-8D11-00A0C91BC942}") = "Stack", "Stack\Stack.vcxproj", "{3F765DDF-6062-4097-805E-55164EB81E9D}"
EndProject
Project("{8BC9CEB8-8B4A-11D0-8D11-00A0C91BC942}") = "Two Pointers", "Two Pointers\Two Pointers.vcxproj", "{D371B226-8458-4B60-9A53-58653DE8DF1F}"
EndProject
Global
	GlobalSection(SolutionConfigurationPlatforms) = preSolution
		Debug|x64 = Debug|x64
		Debug|x86 = Debug|x86
		Release|x64 = Release|x64
		Release|x86 = Release|x86
	EndGlobalSection
	GlobalSection(ProjectConfigurationPlatforms) = postSolution
		{0E9EEF1D-1D58-472A-8F31-8A538C6C5809}.Debug|x64.ActiveCfg = Debug|x64
		{0E9EEF1D-1D58-472A-8F31-8A538C6C5809}.Debug|x64.Build.0 = Debug|x64
		{0E9EEF1D-1D58-472A-8F31-8A538C6C5809}.Debug|x86.ActiveCfg = Debug|Win32
		{0E9EEF1D-1D58-472A-8F31-8A538C6C5809}.Debug|x86.Build.0 = Debug|Win32
		{0E9EEF1D-1D58-472A-8F31-8A538C6C5809}.Release|x64.ActiveCfg = Release|x64
		{0E9EEF1D-1D58-472A-8F31-8A538C6C5809}.Release|x64.Build.0 = Release|x64
		{0E9EEF1D-1D58-472A-8F31-8A538C6C5809}.Release|x86.ActiveCfg = Release|Win32
		{0E9EEF1D-1D58-472A-8F31-8A538C6C5809}.Release|x86.Build.0 = Release|Win32
		{3F765DDF-6062-4097-805E-55164EB81E9D}.Debug|x64.ActiveCfg = Debug|x64
		{3F765DDF-6062-4097-805E-55164EB81E9D}.Debug|x64.Build.0 = Debug|x64
		{3F765DDF-6062-4097-805E-55164EB81E9D}.Debug|x86.ActiveCfg = Debug|Win32
		{3F765DDF-6062-4097-805E-55164EB81E9D}.Debug|x86.Build.0 = Debug|Win32
		{3F765DDF-6062-4097-805E-55164EB81E9D}.Release|x64.ActiveCfg = Release|x64
		{3F765DDF-6062-4097-805E-55164EB81E9D}.Release|x64.Build.0 = Release|x64
		{3F765DDF-6062-4097-805E-55164EB81E9D}.Release|x86.ActiveCfg = Release|Win32
		{3F765DDF-6062-4097-805E-55164EB81E9D}.Release|x86.Build.0 = Release|Win32
		{D371B226-8458-4B60-9A53-58653DE8DF1F}.Debug|x64.ActiveCfg = Debug|x64
		{D371B226-8458-4B60-9A53-58653DE8DF1F}.Debug|x64.Build.0 = Debug|x64
		{D371B226-8458-4B60-9A53-58653DE8DF1F}.Debug|x86.ActiveCfg = Debug|Win32
		{D371B226-8458-4B60-9A53-58653DE8DF1F}.Debug|x86.Build.0 = Debug|Win32
		{D371B226-8458-4B60-9A53-58653DE8DF1F}.Release|x64.ActiveCfg = Release|x64
		{D371B226-8458-4B60-9A53-58653DE8DF1F}.Release|x64.Build.0 = Release|x64
		{D371B226-8458-4B60-9A53-58653DE8DF1F}.Release|x86.ActiveCfg = Release|Win32
		{D371B226-8458-4B60-9A53-58653DE8DF1F}.Release|x86.Build.0 = Release|Win32
	EndGlobalSection
	GlobalSection(SolutionProperties) = preSolution
		HideSolutionNode = FALSE
	EndGlobalSection
	GlobalSection(ExtensibilityGlobals) = postSolution
		SolutionGuid = {B1171403-19FD-48F0-861F-07CEE6B22167}
	EndGlobalSection
EndGlobal
